
Microsoft Visual Studio Solution File, Format Version 12.00
# Visual Studio Version 17
VisualStudioVersion = 17.3.32922.545
MinimumVisualStudioVersion = 10.0.40219.1
Project("{FAE04EC0-301F-11D3-BF4B-00C04F79EFBC}") = "MovieDetyra", "MovieDetyra.csproj", "{355EACB7-EC70-4BF7-AD89-4851BE68A871}"
EndProject
Global
	GlobalSection(SolutionConfigurationPlatforms) = preSolution
		Debug|Any CPU = Debug|Any CPU
		Release|Any CPU = Release|Any CPU
	EndGlobalSection
	GlobalSection(ProjectConfigurationPlatforms) = postSolution
		{355EACB7-EC70-4BF7-AD89-4851BE68A871}.Debug|Any CPU.ActiveCfg = Debug|Any CPU
		{355EACB7-EC70-4BF7-AD89-4851BE68A871}.Debug|Any CPU.Build.0 = Debug|Any CPU
		{355EACB7-EC70-4BF7-AD89-4851BE68A871}.Release|Any CPU.ActiveCfg = Release|Any CPU
		{355EACB7-EC70-4BF7-AD89-4851BE68A871}.Release|Any CPU.Build.0 = Release|Any CPU
	EndGlobalSection
	GlobalSection(SolutionProperties) = preSolution
		HideSolutionNode = FALSE
	EndGlobalSection
	GlobalSection(ExtensibilityGlobals) = postSolution
		SolutionGuid = {C552A413-97F2-4F26-B55B-65ED20750A0E}
	EndGlobalSection
EndGlobal
